
Microsoft Visual Studio Solution File, Format Version 12.00
# Visual Studio Version 17
VisualStudioVersion = 17.1.32319.34
MinimumVisualStudioVersion = 10.0.40219.1
Project("{F184B08F-C81C-45F6-A57F-5ABD9991F28F}") = "Interaface", "Interaface\Interaface.vbproj", "{9387939C-9DB9-48B8-9BEF-AD8D9868F74B}"
EndProject
Global
	GlobalSection(SolutionConfigurationPlatforms) = preSolution
		Debug|Any CPU = Debug|Any CPU
		Release|Any CPU = Release|Any CPU
	EndGlobalSection
	GlobalSection(ProjectConfigurationPlatforms) = postSolution
		{9387939C-9DB9-48B8-9BEF-AD8D9868F74B}.Debug|Any CPU.ActiveCfg = Debug|Any CPU
		{9387939C-9DB9-48B8-9BEF-AD8D9868F74B}.Debug|Any CPU.Build.0 = Debug|Any CPU
		{9387939C-9DB9-48B8-9BEF-AD8D9868F74B}.Release|Any CPU.ActiveCfg = Release|Any CPU
		{9387939C-9DB9-48B8-9BEF-AD8D9868F74B}.Release|Any CPU.Build.0 = Release|Any CPU
	EndGlobalSection
	GlobalSection(SolutionProperties) = preSolution
		HideSolutionNode = FALSE
	EndGlobalSection
	GlobalSection(ExtensibilityGlobals) = postSolution
		SolutionGuid = {1C4CD18F-5534-4629-82E5-D45CB47EB28F}
	EndGlobalSection
EndGlobal
